
Microsoft Visual Studio Solution File, Format Version 12.00
# Visual Studio Version 16
VisualStudioVersion = 16.0.29418.71
MinimumVisualStudioVersion = 10.0.40219.1
Project("{FAE04EC0-301F-11D3-BF4B-00C04F79EFBC}") = "WindowClicker", "WindowClicker\WindowClicker.csproj", "{BE49E179-AAA1-45AA-88F7-4637FBA0074F}"
EndProject
Project("{2150E333-8FDC-42A3-9474-1A3956D46DE8}") = "README", "README", "{BCB6BFD8-E8E1-4FA5-9ECA-923733E170C7}"
	ProjectSection(SolutionItems) = preProject
		README.md = README.md
	EndProjectSection
EndProject
Project("{FAE04EC0-301F-11D3-BF4B-00C04F79EFBC}") = "WindowClicked", "WindowClicked\WindowClicked.csproj", "{49BC5B40-7401-4207-88F4-5BB77C924A8B}"
EndProject
Project("{FAE04EC0-301F-11D3-BF4B-00C04F79EFBC}") = "WindowClicker.Test", "WindowClicker.Test\WindowClicker.Test.csproj", "{488C16C6-72C7-400C-802C-ABE0D4E6D4D8}"
EndProject
Global
	GlobalSection(SolutionConfigurationPlatforms) = preSolution
		Debug|Any CPU = Debug|Any CPU
		Release|Any CPU = Release|Any CPU
	EndGlobalSection
	GlobalSection(ProjectConfigurationPlatforms) = postSolution
		{BE49E179-AAA1-45AA-88F7-4637FBA0074F}.Debug|Any CPU.ActiveCfg = Debug|Any CPU
		{BE49E179-AAA1-45AA-88F7-4637FBA0074F}.Debug|Any CPU.Build.0 = Debug|Any CPU
		{BE49E179-AAA1-45AA-88F7-4637FBA0074F}.Release|Any CPU.ActiveCfg = Release|Any CPU
		{BE49E179-AAA1-45AA-88F7-4637FBA0074F}.Release|Any CPU.Build.0 = Release|Any CPU
		{49BC5B40-7401-4207-88F4-5BB77C924A8B}.Debug|Any CPU.ActiveCfg = Debug|Any CPU
		{49BC5B40-7401-4207-88F4-5BB77C924A8B}.Debug|Any CPU.Build.0 = Debug|Any CPU
		{49BC5B40-7401-4207-88F4-5BB77C924A8B}.Release|Any CPU.ActiveCfg = Release|Any CPU
		{49BC5B40-7401-4207-88F4-5BB77C924A8B}.Release|Any CPU.Build.0 = Release|Any CPU
		{488C16C6-72C7-400C-802C-ABE0D4E6D4D8}.Debug|Any CPU.ActiveCfg = Debug|Any CPU
		{488C16C6-72C7-400C-802C-ABE0D4E6D4D8}.Debug|Any CPU.Build.0 = Debug|Any CPU
		{488C16C6-72C7-400C-802C-ABE0D4E6D4D8}.Release|Any CPU.ActiveCfg = Release|Any CPU
		{488C16C6-72C7-400C-802C-ABE0D4E6D4D8}.Release|Any CPU.Build.0 = Release|Any CPU
	EndGlobalSection
	GlobalSection(SolutionProperties) = preSolution
		HideSolutionNode = FALSE
	EndGlobalSection
	GlobalSection(ExtensibilityGlobals) = postSolution
		SolutionGuid = {654A133B-5B8F-4BC3-95E3-2B87F0AEE209}
	EndGlobalSection
EndGlobal
